
Microsoft Visual Studio Solution File, Format Version 12.00
# Visual Studio Version 17
VisualStudioVersion = 17.8.34330.188
MinimumVisualStudioVersion = 10.0.40219.1
Project("{9A19103F-16F7-4668-BE54-9A1E7A4F7556}") = "RareCrew.WebApi", "RareCrew\RareCrew.WebApi.csproj", "{FC00C467-6075-4E2D-BF76-F491FD59C36B}"
EndProject
Project("{9A19103F-16F7-4668-BE54-9A1E7A4F7556}") = "RareCrew.Core", "RareCrew.Core\RareCrew.Core.csproj", "{205CDCD9-08A1-4631-B24E-57FE79ECB7A2}"
EndProject
Project("{9A19103F-16F7-4668-BE54-9A1E7A4F7556}") = "RareCrew.Services", "RareCrew.Services\RareCrew.Services.csproj", "{603BAB15-0AD7-40B1-AA6C-97C887611628}"
EndProject
Global
	GlobalSection(SolutionConfigurationPlatforms) = preSolution
		Debug|Any CPU = Debug|Any CPU
		Release|Any CPU = Release|Any CPU
	EndGlobalSection
	GlobalSection(ProjectConfigurationPlatforms) = postSolution
		{FC00C467-6075-4E2D-BF76-F491FD59C36B}.Debug|Any CPU.ActiveCfg = Debug|Any CPU
		{FC00C467-6075-4E2D-BF76-F491FD59C36B}.Debug|Any CPU.Build.0 = Debug|Any CPU
		{FC00C467-6075-4E2D-BF76-F491FD59C36B}.Release|Any CPU.ActiveCfg = Release|Any CPU
		{FC00C467-6075-4E2D-BF76-F491FD59C36B}.Release|Any CPU.Build.0 = Release|Any CPU
		{205CDCD9-08A1-4631-B24E-57FE79ECB7A2}.Debug|Any CPU.ActiveCfg = Debug|Any CPU
		{205CDCD9-08A1-4631-B24E-57FE79ECB7A2}.Debug|Any CPU.Build.0 = Debug|Any CPU
		{205CDCD9-08A1-4631-B24E-57FE79ECB7A2}.Release|Any CPU.ActiveCfg = Release|Any CPU
		{205CDCD9-08A1-4631-B24E-57FE79ECB7A2}.Release|Any CPU.Build.0 = Release|Any CPU
		{603BAB15-0AD7-40B1-AA6C-97C887611628}.Debug|Any CPU.ActiveCfg = Debug|Any CPU
		{603BAB15-0AD7-40B1-AA6C-97C887611628}.Debug|Any CPU.Build.0 = Debug|Any CPU
		{603BAB15-0AD7-40B1-AA6C-97C887611628}.Release|Any CPU.ActiveCfg = Release|Any CPU
		{603BAB15-0AD7-40B1-AA6C-97C887611628}.Release|Any CPU.Build.0 = Release|Any CPU
	EndGlobalSection
	GlobalSection(SolutionProperties) = preSolution
		HideSolutionNode = FALSE
	EndGlobalSection
	GlobalSection(ExtensibilityGlobals) = postSolution
		SolutionGuid = {49153913-8F61-4921-ABB8-C91106A2236B}
	EndGlobalSection
EndGlobal
